{
  "name": "@notifications-system/transport-mailer",
  "version": "1.0.2",
  "lockfileVersion": 2,
  "requires": true,
  "packages": {
    "": {
      "name": "@notifications-system/transport-mailer",
      "version": "1.0.2",
      "license": "ISC",
      "dependencies": {
        "@types/nodemailer": "^6.0",
        "nodemailer": "^6.0"
      }
    },
    "../../core": {
      "name": "@notifications-system/core",
      "version": "0.0.0",
      "extraneous": true,
      "license": "ISC"
    },
    "node_modules/@types/node": {
      "version": "18.7.16",
      "resolved": "https://registry.npmjs.org/@types/node/-/node-18.7.16.tgz",
      "integrity": "sha512-EQHhixfu+mkqHMZl1R2Ovuvn47PUw18azMJOTwSZr9/fhzHNGXAJ0ma0dayRVchprpCj0Kc1K1xKoWaATWF1qg=="
    },
    "node_modules/@types/nodemailer": {
      "version": "6.4.5",
      "resolved": "https://registry.npmjs.org/@types/nodemailer/-/nodemailer-6.4.5.tgz",
      "integrity": "sha512-zuP3nBRQHI6M2PkXnGGy1Ww4VB+MyYHGgnfV2T+JR9KLkeWqPJuyVUgLpKXuFnA/b7pZaIDFh2sV4759B7jK1g==",
      "dependencies": {
        "@types/node": "*"
      }
    },
    "node_modules/nodemailer": {
      "version": "6.7.8",
      "resolved": "https://registry.npmjs.org/nodemailer/-/nodemailer-6.7.8.tgz",
      "integrity": "sha512-2zaTFGqZixVmTxpJRCFC+Vk5eGRd/fYtvIR+dl5u9QXLTQWGIf48x/JXvo58g9sa0bU6To04XUv554Paykum3g==",
      "engines": {
        "node": ">=6.0.0"
      }
    }
  },
  "dependencies": {
    "@types/node": {
      "version": "18.7.16",
      "resolved": "https://registry.npmjs.org/@types/node/-/node-18.7.16.tgz",
      "integrity": "sha512-EQHhixfu+mkqHMZl1R2Ovuvn47PUw18azMJOTwSZr9/fhzHNGXAJ0ma0dayRVchprpCj0Kc1K1xKoWaATWF1qg=="
    },
    "@types/nodemailer": {
      "version": "6.4.5",
      "resolved": "https://registry.npmjs.org/@types/nodemailer/-/nodemailer-6.4.5.tgz",
      "integrity": "sha512-zuP3nBRQHI6M2PkXnGGy1Ww4VB+MyYHGgnfV2T+JR9KLkeWqPJuyVUgLpKXuFnA/b7pZaIDFh2sV4759B7jK1g==",
      "requires": {
        "@types/node": "*"
      }
    },
    "nodemailer": {
      "version": "6.7.8",
      "resolved": "https://registry.npmjs.org/nodemailer/-/nodemailer-6.7.8.tgz",
      "integrity": "sha512-2zaTFGqZixVmTxpJRCFC+Vk5eGRd/fYtvIR+dl5u9QXLTQWGIf48x/JXvo58g9sa0bU6To04XUv554Paykum3g=="
    }
  }
}
